
Microsoft Visual Studio Solution File, Format Version 12.00
# Visual Studio Version 16
VisualStudioVersion = 16.0.29215.179
MinimumVisualStudioVersion = 10.0.40219.1
Project("{9A19103F-16F7-4668-BE54-9A1E7A4F7556}") = "War3Map.Example.Launcher", "War3Map.Example.Launcher\War3Map.Example.Launcher.csproj", "{9D9F8AB0-6A9D-44F3-967F-1DFE62FD5F0F}"
EndProject
Project("{9A19103F-16F7-4668-BE54-9A1E7A4F7556}") = "War3Map.Example.Source", "War3Map.Example.Source\War3Map.Example.Source.csproj", "{9274D82E-98E3-4729-B010-9B40FC7F6E66}"
EndProject
Project("{9A19103F-16F7-4668-BE54-9A1E7A4F7556}") = "War3Net.Build", "..\War3Net\src\War3Net.Build\War3Net.Build.csproj", "{A9A38BC1-DA13-4726-B902-460EBBD09601}"
EndProject
Project("{9A19103F-16F7-4668-BE54-9A1E7A4F7556}") = "War3Net.IO.Mpq", "..\War3Net\src\War3Net.IO.Mpq\War3Net.IO.Mpq.csproj", "{AA1EDB00-04BC-439F-822E-239C2EA8E130}"
EndProject
Project("{9A19103F-16F7-4668-BE54-9A1E7A4F7556}") = "CSharp.lua", "..\CSharp.lua\CSharp.lua\CSharp.lua.csproj", "{4E545B01-7410-4E38-BAD0-49C6BADB4E52}"
EndProject
Project("{9A19103F-16F7-4668-BE54-9A1E7A4F7556}") = "War3Net.IO.Compression", "..\War3Net\src\War3Net.IO.Compression\War3Net.IO.Compression.csproj", "{697EFCF7-67BE-45E6-B181-65AF313F7CD7}"
EndProject
Project("{9A19103F-16F7-4668-BE54-9A1E7A4F7556}") = "War3Net.CodeAnalysis.Jass", "..\War3Net\src\War3Net.CodeAnalysis.Jass\War3Net.CodeAnalysis.Jass.csproj", "{8FAAEF03-B26A-498B-9861-C23E957480A4}"
EndProject
Global
	GlobalSection(SolutionConfigurationPlatforms) = preSolution
		Debug|Any CPU = Debug|Any CPU
		Release|Any CPU = Release|Any CPU
	EndGlobalSection
	GlobalSection(ProjectConfigurationPlatforms) = postSolution
		{9D9F8AB0-6A9D-44F3-967F-1DFE62FD5F0F}.Debug|Any CPU.ActiveCfg = Debug|Any CPU
		{9D9F8AB0-6A9D-44F3-967F-1DFE62FD5F0F}.Debug|Any CPU.Build.0 = Debug|Any CPU
		{9D9F8AB0-6A9D-44F3-967F-1DFE62FD5F0F}.Release|Any CPU.ActiveCfg = Release|Any CPU
		{9D9F8AB0-6A9D-44F3-967F-1DFE62FD5F0F}.Release|Any CPU.Build.0 = Release|Any CPU
		{9274D82E-98E3-4729-B010-9B40FC7F6E66}.Debug|Any CPU.ActiveCfg = Debug|Any CPU
		{9274D82E-98E3-4729-B010-9B40FC7F6E66}.Debug|Any CPU.Build.0 = Debug|Any CPU
		{9274D82E-98E3-4729-B010-9B40FC7F6E66}.Release|Any CPU.ActiveCfg = Release|Any CPU
		{9274D82E-98E3-4729-B010-9B40FC7F6E66}.Release|Any CPU.Build.0 = Release|Any CPU
		{A9A38BC1-DA13-4726-B902-460EBBD09601}.Debug|Any CPU.ActiveCfg = Debug|Any CPU
		{A9A38BC1-DA13-4726-B902-460EBBD09601}.Debug|Any CPU.Build.0 = Debug|Any CPU
		{A9A38BC1-DA13-4726-B902-460EBBD09601}.Release|Any CPU.ActiveCfg = Release|Any CPU
		{A9A38BC1-DA13-4726-B902-460EBBD09601}.Release|Any CPU.Build.0 = Release|Any CPU
		{AA1EDB00-04BC-439F-822E-239C2EA8E130}.Debug|Any CPU.ActiveCfg = Debug|Any CPU
		{AA1EDB00-04BC-439F-822E-239C2EA8E130}.Debug|Any CPU.Build.0 = Debug|Any CPU
		{AA1EDB00-04BC-439F-822E-239C2EA8E130}.Release|Any CPU.ActiveCfg = Release|Any CPU
		{AA1EDB00-04BC-439F-822E-239C2EA8E130}.Release|Any CPU.Build.0 = Release|Any CPU
		{4E545B01-7410-4E38-BAD0-49C6BADB4E52}.Debug|Any CPU.ActiveCfg = Debug|Any CPU
		{4E545B01-7410-4E38-BAD0-49C6BADB4E52}.Debug|Any CPU.Build.0 = Debug|Any CPU
		{4E545B01-7410-4E38-BAD0-49C6BADB4E52}.Release|Any CPU.ActiveCfg = Release|Any CPU
		{4E545B01-7410-4E38-BAD0-49C6BADB4E52}.Release|Any CPU.Build.0 = Release|Any CPU
		{697EFCF7-67BE-45E6-B181-65AF313F7CD7}.Debug|Any CPU.ActiveCfg = Debug|Any CPU
		{697EFCF7-67BE-45E6-B181-65AF313F7CD7}.Debug|Any CPU.Build.0 = Debug|Any CPU
		{697EFCF7-67BE-45E6-B181-65AF313F7CD7}.Release|Any CPU.ActiveCfg = Release|Any CPU
		{697EFCF7-67BE-45E6-B181-65AF313F7CD7}.Release|Any CPU.Build.0 = Release|Any CPU
		{8FAAEF03-B26A-498B-9861-C23E957480A4}.Debug|Any CPU.ActiveCfg = Debug|Any CPU
		{8FAAEF03-B26A-498B-9861-C23E957480A4}.Debug|Any CPU.Build.0 = Debug|Any CPU
		{8FAAEF03-B26A-498B-9861-C23E957480A4}.Release|Any CPU.ActiveCfg = Release|Any CPU
		{8FAAEF03-B26A-498B-9861-C23E957480A4}.Release|Any CPU.Build.0 = Release|Any CPU
	EndGlobalSection
	GlobalSection(SolutionProperties) = preSolution
		HideSolutionNode = FALSE
	EndGlobalSection
	GlobalSection(ExtensibilityGlobals) = postSolution
		SolutionGuid = {FC9F76AC-81CB-487A-9120-A482B96AE679}
	EndGlobalSection
EndGlobal
